github.com/rymdport/easypgo v0.2.1 h1:70XwEn6RwNhFZprRp+WfdJ1Oi+6j5ECS0iB/9MVHdlI=
github.com/rymdport/easypgo v0.2.1/go.mod h1:IJVXmhWrwZylo7UzkATqVtyzf0BIK1auqp7J/XvIaEg=
golang.org/x/sync v0.17.0 h1:l60nONMj9l5drqw6jlhIELNv9I0A4OFgRsG9k2oT9Ug=
golang.org/x/sync v0.17.0/go.mod h1:9KTHXmSnoGruLpwFjVSX0lNNA75CykiMECbovNTZqGI=
