github.com/rymdport/easypgo v0.2.2 h1:BysHrcW9klM3UBoQAmZnWdgOx5NIgYSSDbeb8IJZzVA=
github.com/rymdport/easypgo v0.2.2/go.mod h1:IJVXmhWrwZylo7UzkATqVtyzf0BIK1auqp7J/XvIaEg=
golang.org/x/sync v0.17.0 h1:l60nONMj9l5drqw6jlhIELNv9I0A4OFgRsG9k2oT9Ug=
golang.org/x/sync v0.17.0/go.mod h1:9KTHXmSnoGruLpwFjVSX0lNNA75CykiMECbovNTZqGI=
